
Microsoft Visual Studio Solution File, Format Version 12.00
# Visual Studio 15
VisualStudioVersion = 15.0.28010.2026
MinimumVisualStudioVersion = 10.0.40219.1
Project("{FAE04EC0-301F-11D3-BF4B-00C04F79EFBC}") = "GRPCDemo", "GRPCDemo\GRPCDemo.csproj", "{26AAC40F-B33B-4554-9AD1-1E9905E69905}"
EndProject
Project("{FAE04EC0-301F-11D3-BF4B-00C04F79EFBC}") = "RouteGuide", "RouteGuide\RouteGuide.csproj", "{493576DA-1C24-44D9-8D25-7275BD3AE52C}"
EndProject
Project("{FAE04EC0-301F-11D3-BF4B-00C04F79EFBC}") = "RouteGuideClient", "RouteGuideClient\RouteGuideClient.csproj", "{0A658DF8-8786-4C1F-9D95-F18A239ECE6B}"
EndProject
Project("{FAE04EC0-301F-11D3-BF4B-00C04F79EFBC}") = "RouteGuideServer", "RouteGuideServer\RouteGuideServer.csproj", "{180CAE3F-1DC4-4074-AF12-90070E2AF5F3}"
EndProject
Global
	GlobalSection(SolutionConfigurationPlatforms) = preSolution
		Debug|Any CPU = Debug|Any CPU
		Release|Any CPU = Release|Any CPU
	EndGlobalSection
	GlobalSection(ProjectConfigurationPlatforms) = postSolution
		{26AAC40F-B33B-4554-9AD1-1E9905E69905}.Debug|Any CPU.ActiveCfg = Debug|Any CPU
		{26AAC40F-B33B-4554-9AD1-1E9905E69905}.Debug|Any CPU.Build.0 = Debug|Any CPU
		{26AAC40F-B33B-4554-9AD1-1E9905E69905}.Release|Any CPU.ActiveCfg = Release|Any CPU
		{26AAC40F-B33B-4554-9AD1-1E9905E69905}.Release|Any CPU.Build.0 = Release|Any CPU
		{493576DA-1C24-44D9-8D25-7275BD3AE52C}.Debug|Any CPU.ActiveCfg = Debug|Any CPU
		{493576DA-1C24-44D9-8D25-7275BD3AE52C}.Debug|Any CPU.Build.0 = Debug|Any CPU
		{493576DA-1C24-44D9-8D25-7275BD3AE52C}.Release|Any CPU.ActiveCfg = Release|Any CPU
		{493576DA-1C24-44D9-8D25-7275BD3AE52C}.Release|Any CPU.Build.0 = Release|Any CPU
		{0A658DF8-8786-4C1F-9D95-F18A239ECE6B}.Debug|Any CPU.ActiveCfg = Debug|Any CPU
		{0A658DF8-8786-4C1F-9D95-F18A239ECE6B}.Debug|Any CPU.Build.0 = Debug|Any CPU
		{0A658DF8-8786-4C1F-9D95-F18A239ECE6B}.Release|Any CPU.ActiveCfg = Release|Any CPU
		{0A658DF8-8786-4C1F-9D95-F18A239ECE6B}.Release|Any CPU.Build.0 = Release|Any CPU
		{180CAE3F-1DC4-4074-AF12-90070E2AF5F3}.Debug|Any CPU.ActiveCfg = Debug|Any CPU
		{180CAE3F-1DC4-4074-AF12-90070E2AF5F3}.Debug|Any CPU.Build.0 = Debug|Any CPU
		{180CAE3F-1DC4-4074-AF12-90070E2AF5F3}.Release|Any CPU.ActiveCfg = Release|Any CPU
		{180CAE3F-1DC4-4074-AF12-90070E2AF5F3}.Release|Any CPU.Build.0 = Release|Any CPU
	EndGlobalSection
	GlobalSection(SolutionProperties) = preSolution
		HideSolutionNode = FALSE
	EndGlobalSection
	GlobalSection(ExtensibilityGlobals) = postSolution
		SolutionGuid = {428049CC-0C2B-46D3-83EC-4580FCB7AF69}
	EndGlobalSection
EndGlobal
